version: 6
environments:
  default:
    channels:
    - url: https://conda.anaconda.org/conda-forge/
    - url: https://conda.anaconda.org/bioconda/
    - url: https://conda.anaconda.org/nodefaults/
    packages:
      linux-64:
      - conda: https://conda.anaconda.org/conda-forge/linux-64/_libgcc_mutex-0.1-conda_forge.tar.bz2
      - conda: https://conda.anaconda.org/conda-forge/linux-64/_openmp_mutex-4.5-2_gnu.tar.bz2
      - conda: https://conda.anaconda.org/conda-forge/linux-64/brotli-1.2.0-hed03a55_1.conda
      - conda: https://conda.anaconda.org/conda-forge/linux-64/brotli-bin-1.2.0-hb03c661_1.conda
      - conda: https://conda.anaconda.org/conda-forge/linux-64/bzip2-1.0.8-hda65f42_8.conda
      - conda: https://conda.anaconda.org/conda-forge/linux-64/c-ares-1.34.5-hb9d3cd8_0.conda
      - conda: https://conda.anaconda.org/conda-forge/noarch/ca-certificates-2025.11.12-hbd8a1cb_0.conda
      - conda: https://conda.anaconda.org/conda-forge/linux-64/contourpy-1.3.3-py313h7037e92_3.conda
      - conda: https://conda.anaconda.org/conda-forge/noarch/cycler-0.12.1-pyhcf101f3_2.conda
      - conda: https://conda.anaconda.org/conda-forge/linux-64/fonttools-4.61.0-py313h3dea7bd_0.conda
      - conda: https://conda.anaconda.org/conda-forge/linux-64/freetype-2.14.1-ha770c72_0.conda
      - conda: https://conda.anaconda.org/bioconda/linux-64/k8-1.2-he8db53b_6.tar.bz2
      - conda: https://conda.anaconda.org/conda-forge/noarch/kernel-headers_linux-64-4.18.0-he073ed8_8.conda
      - conda: https://conda.anaconda.org/conda-forge/linux-64/keyutils-1.6.3-hb9d3cd8_0.conda
      - conda: https://conda.anaconda.org/conda-forge/linux-64/kiwisolver-1.4.9-py313hc8edb43_2.conda
      - conda: https://conda.anaconda.org/conda-forge/linux-64/krb5-1.21.3-h659f571_0.conda
      - conda: https://conda.anaconda.org/conda-forge/linux-64/lcms2-2.17-h717163a_0.conda
      - conda: https://conda.anaconda.org/conda-forge/linux-64/ld_impl_linux-64-2.45-default_hbd61a6d_104.conda
      - conda: https://conda.anaconda.org/conda-forge/linux-64/lerc-4.0.0-h0aef613_1.conda
      - conda: https://conda.anaconda.org/conda-forge/linux-64/libblas-3.11.0-4_h4a7cf45_openblas.conda
      - conda: https://conda.anaconda.org/conda-forge/linux-64/libbrotlicommon-1.2.0-hb03c661_1.conda
      - conda: https://conda.anaconda.org/conda-forge/linux-64/libbrotlidec-1.2.0-hb03c661_1.conda
      - conda: https://conda.anaconda.org/conda-forge/linux-64/libbrotlienc-1.2.0-hb03c661_1.conda
      - conda: https://conda.anaconda.org/conda-forge/linux-64/libcblas-3.11.0-4_h0358290_openblas.conda
      - conda: https://conda.anaconda.org/conda-forge/linux-64/libcurl-8.17.0-h4e3cde8_0.conda
      - conda: https://conda.anaconda.org/conda-forge/linux-64/libdeflate-1.25-h17f619e_0.conda
      - conda: https://conda.anaconda.org/conda-forge/linux-64/libedit-3.1.20250104-pl5321h7949ede_0.conda
      - conda: https://conda.anaconda.org/conda-forge/linux-64/libev-4.33-hd590300_2.conda
      - conda: https://conda.anaconda.org/conda-forge/linux-64/libexpat-2.7.3-hecca717_0.conda
      - conda: https://conda.anaconda.org/conda-forge/linux-64/libffi-3.5.2-h9ec8514_0.conda
      - conda: https://conda.anaconda.org/conda-forge/linux-64/libfreetype-2.14.1-ha770c72_0.conda
      - conda: https://conda.anaconda.org/conda-forge/linux-64/libfreetype6-2.14.1-h73754d4_0.conda
      - conda: https://conda.anaconda.org/conda-forge/linux-64/libgcc-15.2.0-he0feb66_15.conda
      - conda: https://conda.anaconda.org/conda-forge/linux-64/libgcc-ng-15.2.0-h69a702a_15.conda
      - conda: https://conda.anaconda.org/conda-forge/linux-64/libgfortran-15.2.0-h69a702a_15.conda
      - conda: https://conda.anaconda.org/conda-forge/linux-64/libgfortran5-15.2.0-h68bc16d_15.conda
      - conda: https://conda.anaconda.org/conda-forge/linux-64/libgomp-15.2.0-he0feb66_15.conda
      - conda: https://conda.anaconda.org/conda-forge/linux-64/libjpeg-turbo-3.1.2-hb03c661_0.conda
      - conda: https://conda.anaconda.org/conda-forge/linux-64/liblapack-3.11.0-4_h47877c9_openblas.conda
      - conda: https://conda.anaconda.org/conda-forge/linux-64/liblzma-5.8.1-hb9d3cd8_2.conda
      - conda: https://conda.anaconda.org/conda-forge/linux-64/libmpdec-4.0.0-hb9d3cd8_0.conda
      - conda: https://conda.anaconda.org/conda-forge/linux-64/libnghttp2-1.67.0-had1ee68_0.conda
      - conda: https://conda.anaconda.org/conda-forge/linux-64/libopenblas-0.3.30-pthreads_h94d23a6_4.conda
      - conda: https://conda.anaconda.org/conda-forge/linux-64/libpng-1.6.53-h421ea60_0.conda
      - conda: https://conda.anaconda.org/conda-forge/linux-64/libsqlite-3.51.1-h0c1763c_0.conda
      - conda: https://conda.anaconda.org/conda-forge/linux-64/libssh2-1.11.1-hcf80075_0.conda
      - conda: https://conda.anaconda.org/conda-forge/linux-64/libstdcxx-15.2.0-h934c35e_15.conda
      - conda: https://conda.anaconda.org/conda-forge/linux-64/libstdcxx-ng-15.2.0-hdf11a46_15.conda
      - conda: https://conda.anaconda.org/conda-forge/linux-64/libtiff-4.7.1-h9d88235_1.conda
      - conda: https://conda.anaconda.org/conda-forge/linux-64/libuuid-2.41.2-h5347b49_1.conda
      - conda: https://conda.anaconda.org/conda-forge/linux-64/libwebp-base-1.6.0-hd42ef1d_0.conda
      - conda: https://conda.anaconda.org/conda-forge/linux-64/libxcb-1.17.0-h8a09558_0.conda
      - conda: https://conda.anaconda.org/conda-forge/linux-64/libxcrypt-4.4.36-hd590300_1.conda
      - conda: https://conda.anaconda.org/conda-forge/linux-64/libzlib-1.3.1-hb9d3cd8_2.conda
      - conda: https://conda.anaconda.org/conda-forge/linux-64/matplotlib-base-3.10.8-py313h683a580_0.conda
      - conda: https://conda.anaconda.org/bioconda/linux-64/mcl-22.282-pl5321h7b50bb2_4.tar.bz2
      - conda: https://conda.anaconda.org/bioconda/linux-64/minimap2-2.30-h577a1d6_0.tar.bz2
      - conda: https://conda.anaconda.org/conda-forge/noarch/mistune-3.1.4-pyhcf101f3_0.conda
      - conda: https://conda.anaconda.org/conda-forge/noarch/munkres-1.1.4-pyhd8ed1ab_1.conda
      - conda: https://conda.anaconda.org/conda-forge/linux-64/ncurses-6.5-h2d0b736_3.conda
      - conda: https://conda.anaconda.org/conda-forge/linux-64/numpy-2.3.5-py313hf6604e3_0.conda
      - conda: https://conda.anaconda.org/conda-forge/linux-64/openjpeg-2.5.4-h55fea9a_0.conda
      - conda: https://conda.anaconda.org/conda-forge/linux-64/openssl-3.6.0-h26f9b46_0.conda
      - conda: https://conda.anaconda.org/conda-forge/noarch/packaging-25.0-pyh29332c3_1.conda
      - conda: https://conda.anaconda.org/conda-forge/linux-64/perl-5.32.1-7_hd590300_perl5.conda
      - conda: https://conda.anaconda.org/conda-forge/linux-64/pillow-12.0.0-py313h80991f8_2.conda
      - conda: https://conda.anaconda.org/conda-forge/linux-64/pthread-stubs-0.4-hb9d3cd8_1002.conda
      - conda: https://conda.anaconda.org/bioconda/linux-64/pyfastx-2.2.0-py313h8eaa236_1.tar.bz2
      - conda: https://conda.anaconda.org/conda-forge/noarch/pyparsing-3.2.5-pyhcf101f3_0.conda
      - conda: https://conda.anaconda.org/bioconda/linux-64/pysam-0.23.3-py313h7c062c9_1.tar.bz2
      - conda: https://conda.anaconda.org/conda-forge/linux-64/python-3.13.11-hc97d973_100_cp313.conda
      - conda: https://conda.anaconda.org/conda-forge/noarch/python-dateutil-2.9.0.post0-pyhe01879c_2.conda
      - conda: https://conda.anaconda.org/conda-forge/noarch/python_abi-3.13-8_cp313.conda
      - conda: https://conda.anaconda.org/conda-forge/linux-64/qhull-2020.2-h434a139_5.conda
      - conda: https://conda.anaconda.org/conda-forge/linux-64/readline-8.2-h8c095d6_2.conda
      - conda: https://conda.anaconda.org/conda-forge/noarch/six-1.17.0-pyhe01879c_1.conda
      - conda: https://conda.anaconda.org/bioconda/linux-64/spoa-4.1.5-h077b44d_0.conda
      - conda: https://conda.anaconda.org/conda-forge/noarch/sysroot_linux-64-2.28-h4ee821c_8.conda
      - conda: https://conda.anaconda.org/conda-forge/linux-64/tk-8.6.13-noxft_ha0e22de_103.conda
      - conda: https://conda.anaconda.org/conda-forge/noarch/typing_extensions-4.15.0-pyhcf101f3_0.conda
      - conda: https://conda.anaconda.org/conda-forge/noarch/tzdata-2025b-h78e105d_0.conda
      - conda: https://conda.anaconda.org/conda-forge/linux-64/xorg-libxau-1.0.12-hb03c661_1.conda
      - conda: https://conda.anaconda.org/conda-forge/linux-64/xorg-libxdmcp-1.1.5-hb03c661_1.conda
      - conda: https://conda.anaconda.org/conda-forge/linux-64/zlib-ng-2.3.2-h54a6638_0.conda
      - conda: https://conda.anaconda.org/conda-forge/linux-64/zstd-1.5.7-hb78ec9c_6.conda
      - conda: .
packages:
- conda: https://conda.anaconda.org/conda-forge/linux-64/_libgcc_mutex-0.1-conda_forge.tar.bz2
  sha256: fe51de6107f9edc7aa4f786a70f4a883943bc9d39b3bb7307c04c41410990726
  md5: d7c89558ba9fa0495403155b64376d81
  license: None
  size: 2562
  timestamp: 1578324546067
- conda: https://conda.anaconda.org/conda-forge/linux-64/_openmp_mutex-4.5-2_gnu.tar.bz2
  build_number: 16
  sha256: fbe2c5e56a653bebb982eda4876a9178aedfc2b545f25d0ce9c4c0b508253d22
  md5: 73aaf86a425cc6e73fcf236a5a46396d
  depends:
  - _libgcc_mutex 0.1 conda_forge
  - libgomp >=7.5.0
  constrains:
  - openmp_impl 9999
  license: BSD-3-Clause
  license_family: BSD
  size: 23621
  timestamp: 1650670423406
- conda: https://conda.anaconda.org/conda-forge/linux-64/brotli-1.2.0-hed03a55_1.conda
  sha256: e511644d691f05eb12ebe1e971fd6dc3ae55a4df5c253b4e1788b789bdf2dfa6
  md5: 8ccf913aaba749a5496c17629d859ed1
  depends:
  - __glibc >=2.17,<3.0.a0
  - brotli-bin 1.2.0 hb03c661_1
  - libbrotlidec 1.2.0 hb03c661_1
  - libbrotlienc 1.2.0 hb03c661_1
  - libgcc >=14
  license: MIT
  license_family: MIT
  size: 20103
  timestamp: 1764017231353
- conda: https://conda.anaconda.org/conda-forge/linux-64/brotli-bin-1.2.0-hb03c661_1.conda
  sha256: 64b137f30b83b1dd61db6c946ae7511657eead59fdf74e84ef0ded219605aa94
  md5: af39b9a8711d4a8d437b52c1d78eb6a1
  depends:
  - __glibc >=2.17,<3.0.a0
  - libbrotlidec 1.2.0 hb03c661_1
  - libbrotlienc 1.2.0 hb03c661_1
  - libgcc >=14
  license: MIT
  license_family: MIT
  size: 21021
  timestamp: 1764017221344
- conda: https://conda.anaconda.org/conda-forge/linux-64/bzip2-1.0.8-hda65f42_8.conda
  sha256: c30daba32ddebbb7ded490f0e371eae90f51e72db620554089103b4a6934b0d5
  md5: 51a19bba1b8ebfb60df25cde030b7ebc
  depends:
  - __glibc >=2.17,<3.0.a0
  - libgcc >=14
  license: bzip2-1.0.6
  license_family: BSD
  size: 260341
  timestamp: 1757437258798
- conda: https://conda.anaconda.org/conda-forge/linux-64/c-ares-1.34.5-hb9d3cd8_0.conda
  sha256: f8003bef369f57396593ccd03d08a8e21966157269426f71e943f96e4b579aeb
  md5: f7f0d6cc2dc986d42ac2689ec88192be
  depends:
  - __glibc >=2.17,<3.0.a0
  - libgcc >=13
  license: MIT
  license_family: MIT
  size: 206884
  timestamp: 1744127994291
- conda: https://conda.anaconda.org/conda-forge/noarch/ca-certificates-2025.11.12-hbd8a1cb_0.conda
  sha256: b986ba796d42c9d3265602bc038f6f5264095702dd546c14bc684e60c385e773
  md5: f0991f0f84902f6b6009b4d2350a83aa
  depends:
  - __unix
  license: ISC
  size: 152432
  timestamp: 1762967197890
- conda: https://conda.anaconda.org/conda-forge/linux-64/contourpy-1.3.3-py313h7037e92_3.conda
  sha256: c545751fd48f119f2c28635514e6aa6ae784d9a1d4eb0e10be16c776e961f333
  md5: 6186382cb34a9953bf2a18fc763dc346
  depends:
  - __glibc >=2.17,<3.0.a0
  - libgcc >=14
  - libstdcxx >=14
  - numpy >=1.25
  - python >=3.13,<3.14.0a0
  - python_abi 3.13.* *_cp313
  license: BSD-3-Clause
  license_family: BSD
  size: 297459
  timestamp: 1762525479137
- conda: https://conda.anaconda.org/conda-forge/noarch/cycler-0.12.1-pyhcf101f3_2.conda
  sha256: bb47aec5338695ff8efbddbc669064a3b10fe34ad881fb8ad5d64fbfa6910ed1
  md5: 4c2a8fef270f6c69591889b93f9f55c1
  depends:
  - python >=3.10
  - python
  license: BSD-3-Clause
  license_family: BSD
  size: 14778
  timestamp: 1764466758386
- conda: https://conda.anaconda.org/conda-forge/linux-64/fonttools-4.61.0-py313h3dea7bd_0.conda
  sha256: edea7e66bb068551cab49335776e26e4003af3acec78d643d7142cd39a8db670
  md5: 92f09729a821c52943d4b0b3749a2380
  depends:
  - __glibc >=2.17,<3.0.a0
  - brotli
  - libgcc >=14
  - munkres
  - python >=3.13,<3.14.0a0
  - python_abi 3.13.* *_cp313
  license: MIT
  license_family: MIT
  size: 2956476
  timestamp: 1764353003818
- conda: https://conda.anaconda.org/conda-forge/linux-64/freetype-2.14.1-ha770c72_0.conda
  sha256: bf8e4dffe46f7d25dc06f31038cacb01672c47b9f45201f065b0f4d00ab0a83e
  md5: 4afc585cd97ba8a23809406cd8a9eda8
  depends:
  - libfreetype 2.14.1 ha770c72_0
  - libfreetype6 2.14.1 h73754d4_0
  license: GPL-2.0-only OR FTL
  size: 173114
  timestamp: 1757945422243
- conda: https://conda.anaconda.org/bioconda/linux-64/k8-1.2-he8db53b_6.tar.bz2
  sha256: 35143205ef4684f417f047c649aea110e0ceb1d6891001511dbceb2dea08be3d
  md5: 6c44663f234185cc54d7a90c4d7a555a
  depends:
  - __glibc >=2.17,<3.0.a0
  - libgcc >=13
  - libstdcxx >=13
  - libzlib >=1.3.1,<2.0a0
  - sysroot_linux-64 >=2.17
  license: MIT
  license_family: MIT
  size: 7535090
  timestamp: 1748942479223
- conda: https://conda.anaconda.org/conda-forge/noarch/kernel-headers_linux-64-4.18.0-he073ed8_8.conda
  sha256: 305c22a251db227679343fd73bfde121e555d466af86e537847f4c8b9436be0d
  md5: ff007ab0f0fdc53d245972bba8a6d40c
  constrains:
  - sysroot_linux-64 ==2.28
  license: LGPL-2.0-or-later AND LGPL-2.0-or-later WITH exceptions AND GPL-2.0-or-later
  license_family: GPL
  size: 1272697
  timestamp: 1752669126073
- conda: https://conda.anaconda.org/conda-forge/linux-64/keyutils-1.6.3-hb9d3cd8_0.conda
  sha256: 0960d06048a7185d3542d850986d807c6e37ca2e644342dd0c72feefcf26c2a4
  md5: b38117a3c920364aff79f870c984b4a3
  depends:
  - __glibc >=2.17,<3.0.a0
  - libgcc >=13
  license: LGPL-2.1-or-later
  size: 134088
  timestamp: 1754905959823
- conda: https://conda.anaconda.org/conda-forge/linux-64/kiwisolver-1.4.9-py313hc8edb43_2.conda
  sha256: 60d7d525db89401f88f5c91bdbb79d3afbf005e7d7c1326318659fa097607e51
  md5: 3e0e65595330e26515e31b7fc6d933c7
  depends:
  - python
  - __glibc >=2.17,<3.0.a0
  - libstdcxx >=14
  - libgcc >=14
  - python_abi 3.13.* *_cp313
  license: BSD-3-Clause
  license_family: BSD
  size: 77616
  timestamp: 1762488778882
- conda: https://conda.anaconda.org/conda-forge/linux-64/krb5-1.21.3-h659f571_0.conda
  sha256: 99df692f7a8a5c27cd14b5fb1374ee55e756631b9c3d659ed3ee60830249b238
  md5: 3f43953b7d3fb3aaa1d0d0723d91e368
  depends:
  - keyutils >=1.6.1,<2.0a0
  - libedit >=3.1.20191231,<3.2.0a0
  - libedit >=3.1.20191231,<4.0a0
  - libgcc-ng >=12
  - libstdcxx-ng >=12
  - openssl >=3.3.1,<4.0a0
  license: MIT
  license_family: MIT
  size: 1370023
  timestamp: 1719463201255
- conda: https://conda.anaconda.org/conda-forge/linux-64/lcms2-2.17-h717163a_0.conda
  sha256: d6a61830a354da022eae93fa896d0991385a875c6bba53c82263a289deda9db8
  md5: 000e85703f0fd9594c81710dd5066471
  depends:
  - __glibc >=2.17,<3.0.a0
  - libgcc >=13
  - libjpeg-turbo >=3.0.0,<4.0a0
  - libtiff >=4.7.0,<4.8.0a0
  license: MIT
  license_family: MIT
  size: 248046
  timestamp: 1739160907615
- conda: https://conda.anaconda.org/conda-forge/linux-64/ld_impl_linux-64-2.45-default_hbd61a6d_104.conda
  sha256: 9e191baf2426a19507f1d0a17be0fdb7aa155cdf0f61d5a09c808e0a69464312
  md5: a6abd2796fc332536735f68ba23f7901
  depends:
  - __glibc >=2.17,<3.0.a0
  - zstd >=1.5.7,<1.6.0a0
  constrains:
  - binutils_impl_linux-64 2.45
  license: GPL-3.0-only
  license_family: GPL
  size: 725545
  timestamp: 1764007826689
- conda: https://conda.anaconda.org/conda-forge/linux-64/lerc-4.0.0-h0aef613_1.conda
  sha256: 412381a43d5ff9bbed82cd52a0bbca5b90623f62e41007c9c42d3870c60945ff
  md5: 9344155d33912347b37f0ae6c410a835
  depends:
  - __glibc >=2.17,<3.0.a0
  - libgcc >=13
  - libstdcxx >=13
  license: Apache-2.0
  license_family: Apache
  size: 264243
  timestamp: 1745264221534
- conda: https://conda.anaconda.org/conda-forge/linux-64/libblas-3.11.0-4_h4a7cf45_openblas.conda
  build_number: 4
  sha256: f35fee1eb3fe1a80b2c8473f145a830cf6f98c3b15b232b256b93d44bd9c93b3
  md5: 14ff9fdfbd8bd590fca383b995470711
  depends:
  - libopenblas >=0.3.30,<0.3.31.0a0
  - libopenblas >=0.3.30,<1.0a0
  constrains:
  - liblapack  3.11.0   4*_openblas
  - blas 2.304   openblas
  - mkl <2026
  - libcblas   3.11.0   4*_openblas
  - liblapacke 3.11.0   4*_openblas
  license: BSD-3-Clause
  license_family: BSD
  size: 18529
  timestamp: 1764823833499
- conda: https://conda.anaconda.org/conda-forge/linux-64/libbrotlicommon-1.2.0-hb03c661_1.conda
  sha256: 318f36bd49ca8ad85e6478bd8506c88d82454cc008c1ac1c6bf00a3c42fa610e
  md5: 72c8fd1af66bd67bf580645b426513ed
  depends:
  - __glibc >=2.17,<3.0.a0
  - libgcc >=14
  license: MIT
  license_family: MIT
  size: 79965
  timestamp: 1764017188531
- conda: https://conda.anaconda.org/conda-forge/linux-64/libbrotlidec-1.2.0-hb03c661_1.conda
  sha256: 12fff21d38f98bc446d82baa890e01fd82e3b750378fedc720ff93522ffb752b
  md5: 366b40a69f0ad6072561c1d09301c886
  depends:
  - __glibc >=2.17,<3.0.a0
  - libbrotlicommon 1.2.0 hb03c661_1
  - libgcc >=14
  license: MIT
  license_family: MIT
  size: 34632
  timestamp: 1764017199083
- conda: https://conda.anaconda.org/conda-forge/linux-64/libbrotlienc-1.2.0-hb03c661_1.conda
  sha256: a0c15c79997820bbd3fbc8ecf146f4fe0eca36cc60b62b63ac6cf78857f1dd0d
  md5: 4ffbb341c8b616aa2494b6afb26a0c5f
  depends:
  - __glibc >=2.17,<3.0.a0
  - libbrotlicommon 1.2.0 hb03c661_1
  - libgcc >=14
  license: MIT
  license_family: MIT
  size: 298378
  timestamp: 1764017210931
- conda: https://conda.anaconda.org/conda-forge/linux-64/libcblas-3.11.0-4_h0358290_openblas.conda
  build_number: 4
  sha256: 7abc88e2fdccddab27d2a889b9c9063df84a05766cc24828c9b5ca879f25c92c
  md5: 25f5e5af61cee1ffedd9b4c9947d3af8
  depends:
  - libblas 3.11.0 4_h4a7cf45_openblas
  constrains:
  - liblapack  3.11.0   4*_openblas
  - blas 2.304   openblas
  - liblapacke 3.11.0   4*_openblas
  license: BSD-3-Clause
  license_family: BSD
  size: 18521
  timestamp: 1764823852735
- conda: https://conda.anaconda.org/conda-forge/linux-64/libcurl-8.17.0-h4e3cde8_0.conda
  sha256: 100e29ca864c32af15a5cc354f502d07b2600218740fdf2439fa7d66b50b3529
  md5: 01e149d4a53185622dc2e788281961f2
  depends:
  - __glibc >=2.17,<3.0.a0
  - krb5 >=1.21.3,<1.22.0a0
  - libgcc >=14
  - libnghttp2 >=1.67.0,<2.0a0
  - libssh2 >=1.11.1,<2.0a0
  - libzlib >=1.3.1,<2.0a0
  - openssl >=3.5.4,<4.0a0
  - zstd >=1.5.7,<1.6.0a0
  license: curl
  license_family: MIT
  size: 460366
  timestamp: 1762333743748
- conda: https://conda.anaconda.org/conda-forge/linux-64/libdeflate-1.25-h17f619e_0.conda
  sha256: aa8e8c4be9a2e81610ddf574e05b64ee131fab5e0e3693210c9d6d2fba32c680
  md5: 6c77a605a7a689d17d4819c0f8ac9a00
  depends:
  - __glibc >=2.17,<3.0.a0
  - libgcc >=14
  license: MIT
  license_family: MIT
  size: 73490
  timestamp: 1761979956660
- conda: https://conda.anaconda.org/conda-forge/linux-64/libedit-3.1.20250104-pl5321h7949ede_0.conda
  sha256: d789471216e7aba3c184cd054ed61ce3f6dac6f87a50ec69291b9297f8c18724
  md5: c277e0a4d549b03ac1e9d6cbbe3d017b
  depends:
  - ncurses
  - __glibc >=2.17,<3.0.a0
  - libgcc >=13
  - ncurses >=6.5,<7.0a0
  license: BSD-2-Clause
  license_family: BSD
  size: 134676
  timestamp: 1738479519902
- conda: https://conda.anaconda.org/conda-forge/linux-64/libev-4.33-hd590300_2.conda
  sha256: 1cd6048169fa0395af74ed5d8f1716e22c19a81a8a36f934c110ca3ad4dd27b4
  md5: 172bf1cd1ff8629f2b1179945ed45055
  depends:
  - libgcc-ng >=12
  license: BSD-2-Clause
  license_family: BSD
  size: 112766
  timestamp: 1702146165126
- conda: https://conda.anaconda.org/conda-forge/linux-64/libexpat-2.7.3-hecca717_0.conda
  sha256: 1e1b08f6211629cbc2efe7a5bca5953f8f6b3cae0eeb04ca4dacee1bd4e2db2f
  md5: 8b09ae86839581147ef2e5c5e229d164
  depends:
  - __glibc >=2.17,<3.0.a0
  - libgcc >=14
  constrains:
  - expat 2.7.3.*
  license: MIT
  license_family: MIT
  size: 76643
  timestamp: 1763549731408
- conda: https://conda.anaconda.org/conda-forge/linux-64/libffi-3.5.2-h9ec8514_0.conda
  sha256: 25cbdfa65580cfab1b8d15ee90b4c9f1e0d72128f1661449c9a999d341377d54
  md5: 35f29eec58405aaf55e01cb470d8c26a
  depends:
  - __glibc >=2.17,<3.0.a0
  - libgcc >=14
  license: MIT
  license_family: MIT
  size: 57821
  timestamp: 1760295480630
- conda: https://conda.anaconda.org/conda-forge/linux-64/libfreetype-2.14.1-ha770c72_0.conda
  sha256: 4641d37faeb97cf8a121efafd6afd040904d4bca8c46798122f417c31d5dfbec
  md5: f4084e4e6577797150f9b04a4560ceb0
  depends:
  - libfreetype6 >=2.14.1
  license: GPL-2.0-only OR FTL
  size: 7664
  timestamp: 1757945417134
- conda: https://conda.anaconda.org/conda-forge/linux-64/libfreetype6-2.14.1-h73754d4_0.conda
  sha256: 4a7af818a3179fafb6c91111752954e29d3a2a950259c14a2fc7ba40a8b03652
  md5: 8e7251989bca326a28f4a5ffbd74557a
  depends:
  - __glibc >=2.17,<3.0.a0
  - libgcc >=14
  - libpng >=1.6.50,<1.7.0a0
  - libzlib >=1.3.1,<2.0a0
  constrains:
  - freetype >=2.14.1
  license: GPL-2.0-only OR FTL
  size: 386739
  timestamp: 1757945416744
- conda: https://conda.anaconda.org/conda-forge/linux-64/libgcc-15.2.0-he0feb66_15.conda
  sha256: 37f2edde2f8281672987c63f13c85a57d04d889dc929ce38204426d5eb2059cc
  md5: a5d86b0496174a412d531eac03af9174
  depends:
  - __glibc >=2.17,<3.0.a0
  - _openmp_mutex >=4.5
  constrains:
  - libgomp 15.2.0 he0feb66_15
  - libgcc-ng ==15.2.0=*_15
  license: GPL-3.0-only WITH GCC-exception-3.1
  license_family: GPL
  size: 1041379
  timestamp: 1764836112865
- conda: https://conda.anaconda.org/conda-forge/linux-64/libgcc-ng-15.2.0-h69a702a_15.conda
  sha256: 497d8cdba0da8fa154613d1c15f585674cadc194964ed1b4fe7c2809938dc41f
  md5: 7b742943660c5173bb6a5c823021c9a0
  depends:
  - libgcc 15.2.0 he0feb66_15
  license: GPL-3.0-only WITH GCC-exception-3.1
  license_family: GPL
  size: 26834
  timestamp: 1764836127111
- conda: https://conda.anaconda.org/conda-forge/linux-64/libgfortran-15.2.0-h69a702a_15.conda
  sha256: d0277c81db5fc943f59fee5718d95ee04b0a50f59207c11c229c4961b6cb4aa8
  md5: 7deffdc77cda3d2bbc9c558efa33d3ed
  depends:
  - libgfortran5 15.2.0 h68bc16d_15
  constrains:
  - libgfortran-ng ==15.2.0=*_15
  license: GPL-3.0-only WITH GCC-exception-3.1
  license_family: GPL
  size: 26859
  timestamp: 1764836174548
- conda: https://conda.anaconda.org/conda-forge/linux-64/libgfortran5-15.2.0-h68bc16d_15.conda
  sha256: 4474ac4d8488952d702894938a267f4250040c616b6b3599655270ea10d53c75
  md5: 356b7358fcd6df32ad50d07cdfadd27d
  depends:
  - __glibc >=2.17,<3.0.a0
  - libgcc >=15.2.0
  constrains:
  - libgfortran 15.2.0
  license: GPL-3.0-only WITH GCC-exception-3.1
  license_family: GPL
  size: 2482302
  timestamp: 1764836144744
- conda: https://conda.anaconda.org/conda-forge/linux-64/libgomp-15.2.0-he0feb66_15.conda
  sha256: b3c4e39be7aba6f5a8695d428362c5c918b96a281ce0a7037f1e889dfc340615
  md5: a90d6983da0757f4c09bb8fcfaf34e71
  depends:
  - __glibc >=2.17,<3.0.a0
  license: GPL-3.0-only WITH GCC-exception-3.1
  license_family: GPL
  size: 602978
  timestamp: 1764836011147
- conda: https://conda.anaconda.org/conda-forge/linux-64/libjpeg-turbo-3.1.2-hb03c661_0.conda
  sha256: cc9aba923eea0af8e30e0f94f2ad7156e2984d80d1e8e7fe6be5a1f257f0eb32
  md5: 8397539e3a0bbd1695584fb4f927485a
  depends:
  - __glibc >=2.17,<3.0.a0
  - libgcc >=14
  constrains:
  - jpeg <0.0.0a
  license: IJG AND BSD-3-Clause AND Zlib
  size: 633710
  timestamp: 1762094827865
- conda: https://conda.anaconda.org/conda-forge/linux-64/liblapack-3.11.0-4_h47877c9_openblas.conda
  build_number: 4
  sha256: 5a6ed95bf093d709c8ba8373890773b912767eafdd2e8e4ad0fa6413d13ae3c9
  md5: 8ba8431802764597f400ee3e99026367
  depends:
  - libblas 3.11.0 4_h4a7cf45_openblas
  constrains:
  - blas 2.304   openblas
  - libcblas   3.11.0   4*_openblas
  - liblapacke 3.11.0   4*_openblas
  license: BSD-3-Clause
  license_family: BSD
  size: 18533
  timestamp: 1764823871307
- conda: https://conda.anaconda.org/conda-forge/linux-64/liblzma-5.8.1-hb9d3cd8_2.conda
  sha256: f2591c0069447bbe28d4d696b7fcb0c5bd0b4ac582769b89addbcf26fb3430d8
  md5: 1a580f7796c7bf6393fddb8bbbde58dc
  depends:
  - __glibc >=2.17,<3.0.a0
  - libgcc >=13
  constrains:
  - xz 5.8.1.*
  license: 0BSD
  size: 112894
  timestamp: 1749230047870
- conda: https://conda.anaconda.org/conda-forge/linux-64/libmpdec-4.0.0-hb9d3cd8_0.conda
  sha256: 3aa92d4074d4063f2a162cd8ecb45dccac93e543e565c01a787e16a43501f7ee
  md5: c7e925f37e3b40d893459e625f6a53f1
  depends:
  - __glibc >=2.17,<3.0.a0
  - libgcc >=13
  license: BSD-2-Clause
  license_family: BSD
  size: 91183
  timestamp: 1748393666725
- conda: https://conda.anaconda.org/conda-forge/linux-64/libnghttp2-1.67.0-had1ee68_0.conda
  sha256: a4a7dab8db4dc81c736e9a9b42bdfd97b087816e029e221380511960ac46c690
  md5: b499ce4b026493a13774bcf0f4c33849
  depends:
  - __glibc >=2.17,<3.0.a0
  - c-ares >=1.34.5,<2.0a0
  - libev >=4.33,<4.34.0a0
  - libev >=4.33,<5.0a0
  - libgcc >=14
  - libstdcxx >=14
  - libzlib >=1.3.1,<2.0a0
  - openssl >=3.5.2,<4.0a0
  license: MIT
  license_family: MIT
  size: 666600
  timestamp: 1756834976695
- conda: https://conda.anaconda.org/conda-forge/linux-64/libopenblas-0.3.30-pthreads_h94d23a6_4.conda
  sha256: 199d79c237afb0d4780ccd2fbf829cea80743df60df4705202558675e07dd2c5
  md5: be43915efc66345cccb3c310b6ed0374
  depends:
  - __glibc >=2.17,<3.0.a0
  - libgcc >=14
  - libgfortran
  - libgfortran5 >=14.3.0
  constrains:
  - openblas >=0.3.30,<0.3.31.0a0
  license: BSD-3-Clause
  license_family: BSD
  size: 5927939
  timestamp: 1763114673331
- conda: https://conda.anaconda.org/conda-forge/linux-64/libpng-1.6.53-h421ea60_0.conda
  sha256: 8acdeb9a7e3d2630176ba8e947caf6bf4985a5148dec69b801e5eb797856688b
  md5: 00d4e66b1f746cb14944cad23fffb405
  depends:
  - __glibc >=2.17,<3.0.a0
  - libgcc >=14
  - libzlib >=1.3.1,<2.0a0
  license: zlib-acknowledgement
  size: 317748
  timestamp: 1764981060755
- conda: https://conda.anaconda.org/conda-forge/linux-64/libsqlite-3.51.1-h0c1763c_0.conda
  sha256: 6f0e8a812e8e33a4d8b7a0e595efe28373080d27b78ee4828aa4f6649a088454
  md5: 2e1b84d273b01835256e53fd938de355
  depends:
  - __glibc >=2.17,<3.0.a0
  - libgcc >=14
  - libzlib >=1.3.1,<2.0a0
  license: blessing
  size: 938979
  timestamp: 1764359444435
- conda: https://conda.anaconda.org/conda-forge/linux-64/libssh2-1.11.1-hcf80075_0.conda
  sha256: fa39bfd69228a13e553bd24601332b7cfeb30ca11a3ca50bb028108fe90a7661
  md5: eecce068c7e4eddeb169591baac20ac4
  depends:
  - __glibc >=2.17,<3.0.a0
  - libgcc >=13
  - libzlib >=1.3.1,<2.0a0
  - openssl >=3.5.0,<4.0a0
  license: BSD-3-Clause
  license_family: BSD
  size: 304790
  timestamp: 1745608545575
- conda: https://conda.anaconda.org/conda-forge/linux-64/libstdcxx-15.2.0-h934c35e_15.conda
  sha256: 2648485aa2dcd5ca385423841a728f262458aec5d814a79da5ab75098e223e3f
  md5: fccfb26375ec5e4a2192dee6604b6d02
  depends:
  - __glibc >=2.17,<3.0.a0
  - libgcc 15.2.0 he0feb66_15
  constrains:
  - libstdcxx-ng ==15.2.0=*_15
  license: GPL-3.0-only WITH GCC-exception-3.1
  license_family: GPL
  size: 5856371
  timestamp: 1764836166363
- conda: https://conda.anaconda.org/conda-forge/linux-64/libstdcxx-ng-15.2.0-hdf11a46_15.conda
  sha256: 2ffaec42c561f53dcc025277043aa02e2557dc0db62bc009be4c7559a7f19f09
  md5: 20a8584ff8677ac9d724345b9d4eb757
  depends:
  - libstdcxx 15.2.0 h934c35e_15
  license: GPL-3.0-only WITH GCC-exception-3.1
  license_family: GPL
  size: 26905
  timestamp: 1764836222826
- conda: https://conda.anaconda.org/conda-forge/linux-64/libtiff-4.7.1-h9d88235_1.conda
  sha256: e5f8c38625aa6d567809733ae04bb71c161a42e44a9fa8227abe61fa5c60ebe0
  md5: cd5a90476766d53e901500df9215e927
  depends:
  - __glibc >=2.17,<3.0.a0
  - lerc >=4.0.0,<5.0a0
  - libdeflate >=1.25,<1.26.0a0
  - libgcc >=14
  - libjpeg-turbo >=3.1.0,<4.0a0
  - liblzma >=5.8.1,<6.0a0
  - libstdcxx >=14
  - libwebp-base >=1.6.0,<2.0a0
  - libzlib >=1.3.1,<2.0a0
  - zstd >=1.5.7,<1.6.0a0
  license: HPND
  size: 435273
  timestamp: 1762022005702
- conda: https://conda.anaconda.org/conda-forge/linux-64/libuuid-2.41.2-h5347b49_1.conda
  sha256: 030447cf827c471abd37092ab9714fde82b8222106f22fde94bc7a64e2704c40
  md5: 41f5c09a211985c3ce642d60721e7c3e
  depends:
  - __glibc >=2.17,<3.0.a0
  - libgcc >=14
  license: BSD-3-Clause
  license_family: BSD
  size: 40235
  timestamp: 1764790744114
- conda: https://conda.anaconda.org/conda-forge/linux-64/libwebp-base-1.6.0-hd42ef1d_0.conda
  sha256: 3aed21ab28eddffdaf7f804f49be7a7d701e8f0e46c856d801270b470820a37b
  md5: aea31d2e5b1091feca96fcfe945c3cf9
  depends:
  - __glibc >=2.17,<3.0.a0
  - libgcc >=14
  constrains:
  - libwebp 1.6.0
  license: BSD-3-Clause
  license_family: BSD
  size: 429011
  timestamp: 1752159441324
- conda: https://conda.anaconda.org/conda-forge/linux-64/libxcb-1.17.0-h8a09558_0.conda
  sha256: 666c0c431b23c6cec6e492840b176dde533d48b7e6fb8883f5071223433776aa
  md5: 92ed62436b625154323d40d5f2f11dd7
  depends:
  - __glibc >=2.17,<3.0.a0
  - libgcc >=13
  - pthread-stubs
  - xorg-libxau >=1.0.11,<2.0a0
  - xorg-libxdmcp
  license: MIT
  license_family: MIT
  size: 395888
  timestamp: 1727278577118
- conda: https://conda.anaconda.org/conda-forge/linux-64/libxcrypt-4.4.36-hd590300_1.conda
  sha256: 6ae68e0b86423ef188196fff6207ed0c8195dd84273cb5623b85aa08033a410c
  md5: 5aa797f8787fe7a17d1b0821485b5adc
  depends:
  - libgcc-ng >=12
  license: LGPL-2.1-or-later
  size: 100393
  timestamp: 1702724383534
- conda: https://conda.anaconda.org/conda-forge/linux-64/libzlib-1.3.1-hb9d3cd8_2.conda
  sha256: d4bfe88d7cb447768e31650f06257995601f89076080e76df55e3112d4e47dc4
  md5: edb0dca6bc32e4f4789199455a1dbeb8
  depends:
  - __glibc >=2.17,<3.0.a0
  - libgcc >=13
  constrains:
  - zlib 1.3.1 *_2
  license: Zlib
  license_family: Other
  size: 60963
  timestamp: 1727963148474
- conda: https://conda.anaconda.org/conda-forge/linux-64/matplotlib-base-3.10.8-py313h683a580_0.conda
  sha256: b1117aa2c1d11ca70d1704054cdc8801cbcf2dfb846c565531edd417ddd82559
  md5: ffe67570e1a9192d2f4c189b27f75f89
  depends:
  - __glibc >=2.17,<3.0.a0
  - contourpy >=1.0.1
  - cycler >=0.10
  - fonttools >=4.22.0
  - freetype
  - kiwisolver >=1.3.1
  - libfreetype >=2.14.1
  - libfreetype6 >=2.14.1
  - libgcc >=14
  - libstdcxx >=14
  - numpy >=1.23
  - numpy >=1.23,<3
  - packaging >=20.0
  - pillow >=8
  - pyparsing >=2.3.1
  - python >=3.13,<3.14.0a0
  - python-dateutil >=2.7
  - python_abi 3.13.* *_cp313
  - qhull >=2020.2,<2020.3.0a0
  - tk >=8.6.13,<8.7.0a0
  license: PSF-2.0
  license_family: PSF
  size: 8405862
  timestamp: 1763055358671
- conda: https://conda.anaconda.org/bioconda/linux-64/mcl-22.282-pl5321h7b50bb2_4.tar.bz2
  sha256: c91e9f49d27199ac595c001749ad166818ddbbb81c682d50d598f4811bbd921e
  md5: 5020f96bb41195d95ad24665ddb6cb35
  depends:
  - libgcc >=13
  - perl >=5.32.1,<5.33.0a0 *_perl5
  license: GPL-3.0-only
  license_family: GPL
  size: 2146709
  timestamp: 1748469942874
- conda: https://conda.anaconda.org/bioconda/linux-64/minimap2-2.30-h577a1d6_0.tar.bz2
  sha256: a82a861a2c0e5a01bbe73701dcc6af8ba3f1da430a9fa6c94ed53b5c4a7a2b55
  md5: c90788b08f45337f68b717ee8fd10fea
  depends:
  - k8
  - libgcc >=13
  - libzlib >=1.3.1,<2.0a0
  license: MIT
  license_family: MIT
  size: 1357974
  timestamp: 1750025868795
- conda: https://conda.anaconda.org/conda-forge/noarch/mistune-3.1.4-pyhcf101f3_0.conda
  sha256: 609ea628ace5c6cdbdce772704e6cb159ead26969bb2f386ca1757632b0f74c6
  md5: f5a4d548d1d3bdd517260409fc21e205
  depends:
  - python >=3.10
  - typing_extensions
  - python
  license: BSD-3-Clause
  license_family: BSD
  size: 72996
  timestamp: 1756495311698
- conda: https://conda.anaconda.org/conda-forge/noarch/munkres-1.1.4-pyhd8ed1ab_1.conda
  sha256: d09c47c2cf456de5c09fa66d2c3c5035aa1fa228a1983a433c47b876aa16ce90
  md5: 37293a85a0f4f77bbd9cf7aaefc62609
  depends:
  - python >=3.9
  license: Apache-2.0
  license_family: Apache
  size: 15851
  timestamp: 1749895533014
- conda: https://conda.anaconda.org/conda-forge/linux-64/ncurses-6.5-h2d0b736_3.conda
  sha256: 3fde293232fa3fca98635e1167de6b7c7fda83caf24b9d6c91ec9eefb4f4d586
  md5: 47e340acb35de30501a76c7c799c41d7
  depends:
  - __glibc >=2.17,<3.0.a0
  - libgcc >=13
  license: X11 AND BSD-3-Clause
  size: 891641
  timestamp: 1738195959188
- conda: https://conda.anaconda.org/conda-forge/linux-64/numpy-2.3.5-py313hf6604e3_0.conda
  sha256: d54453cb875ed66139c973313465f757a5d6c7ab5760b96484ae56cb8a16ca23
  md5: 15f43bcd12c90186e78801fafc53d89b
  depends:
  - python
  - libgcc >=14
  - libstdcxx >=14
  - libgcc >=14
  - __glibc >=2.17,<3.0.a0
  - liblapack >=3.9.0,<4.0a0
  - libcblas >=3.9.0,<4.0a0
  - libblas >=3.9.0,<4.0a0
  - python_abi 3.13.* *_cp313
  constrains:
  - numpy-base <0a0
  license: BSD-3-Clause
  license_family: BSD
  size: 8919466
  timestamp: 1763351050066
- conda: https://conda.anaconda.org/conda-forge/linux-64/openjpeg-2.5.4-h55fea9a_0.conda
  sha256: 3900f9f2dbbf4129cf3ad6acf4e4b6f7101390b53843591c53b00f034343bc4d
  md5: 11b3379b191f63139e29c0d19dee24cd
  depends:
  - __glibc >=2.17,<3.0.a0
  - libgcc >=14
  - libpng >=1.6.50,<1.7.0a0
  - libstdcxx >=14
  - libtiff >=4.7.1,<4.8.0a0
  - libzlib >=1.3.1,<2.0a0
  license: BSD-2-Clause
  license_family: BSD
  size: 355400
  timestamp: 1758489294972
- conda: https://conda.anaconda.org/conda-forge/linux-64/openssl-3.6.0-h26f9b46_0.conda
  sha256: a47271202f4518a484956968335b2521409c8173e123ab381e775c358c67fe6d
  md5: 9ee58d5c534af06558933af3c845a780
  depends:
  - __glibc >=2.17,<3.0.a0
  - ca-certificates
  - libgcc >=14
  license: Apache-2.0
  license_family: Apache
  size: 3165399
  timestamp: 1762839186699
- conda: https://conda.anaconda.org/conda-forge/noarch/packaging-25.0-pyh29332c3_1.conda
  sha256: 289861ed0c13a15d7bbb408796af4de72c2fe67e2bcb0de98f4c3fce259d7991
  md5: 58335b26c38bf4a20f399384c33cbcf9
  depends:
  - python >=3.8
  - python
  license: Apache-2.0
  license_family: APACHE
  size: 62477
  timestamp: 1745345660407
- conda: https://conda.anaconda.org/conda-forge/linux-64/perl-5.32.1-7_hd590300_perl5.conda
  build_number: 7
  sha256: 9ec32b6936b0e37bcb0ed34f22ec3116e75b3c0964f9f50ecea5f58734ed6ce9
  md5: f2cfec9406850991f4e3d960cc9e3321
  depends:
  - libgcc-ng >=12
  - libxcrypt >=4.4.36
  license: GPL-1.0-or-later OR Artistic-1.0-Perl
  size: 13344463
  timestamp: 1703310653947
- conda: .
  name: phyloblitz
  version: 0.1.0
  build: pyh4616a5c_0
  subdir: noarch
  depends:
  - python >=3.10,<3.14
  - python *
  - minimap2 >=2.30,<3
  - pysam >=0.23.3,<0.24
  - spoa >=4.1.5,<5
  - mcl >=22.282,<23
  - pyfastx >=2.2.0,<3
  - mistune >=3.1.4,<4
  - numpy >=2.3.5,<3
  - matplotlib-base >=3.10.8,<4
  license: MIT
  input:
    hash: 8882cc119050a64dbcd56317bb7cd06ad4ce038e30c0888f6e738b7198758b10
    globs:
    - pyproject.toml
- conda: https://conda.anaconda.org/conda-forge/linux-64/pillow-12.0.0-py313h80991f8_2.conda
  sha256: 5319da7c24f4f876c966fc6e83789aa4530779d4454c37c4169f79050555bc26
  md5: 37ca27d2f726f29a068230d8f6917ce4
  depends:
  - python
  - libgcc >=14
  - __glibc >=2.17,<3.0.a0
  - libwebp-base >=1.6.0,<2.0a0
  - libjpeg-turbo >=3.1.2,<4.0a0
  - lcms2 >=2.17,<3.0a0
  - libxcb >=1.17.0,<2.0a0
  - python_abi 3.13.* *_cp313
  - zlib-ng >=2.3.1,<2.4.0a0
  - libfreetype >=2.14.1
  - libfreetype6 >=2.14.1
  - openjpeg >=2.5.4,<3.0a0
  - libtiff >=4.7.1,<4.8.0a0
  - tk >=8.6.13,<8.7.0a0
  license: HPND
  size: 1040806
  timestamp: 1764330106863
- conda: https://conda.anaconda.org/conda-forge/linux-64/pthread-stubs-0.4-hb9d3cd8_1002.conda
  sha256: 9c88f8c64590e9567c6c80823f0328e58d3b1efb0e1c539c0315ceca764e0973
  md5: b3c17d95b5a10c6e64a21fa17573e70e
  depends:
  - __glibc >=2.17,<3.0.a0
  - libgcc >=13
  license: MIT
  license_family: MIT
  size: 8252
  timestamp: 1726802366959
- conda: https://conda.anaconda.org/bioconda/linux-64/pyfastx-2.2.0-py313h8eaa236_1.tar.bz2
  sha256: e93671137ce58e61ac3c9c37704944e4214f1009c44b54ea72f7f4ecc64f37e6
  md5: c152baed60537b30ed10b2b43eaf5551
  depends:
  - libgcc >=13
  - libzlib >=1.3.1,<2.0a0
  - python >=3.13,<3.14.0a0
  - python_abi 3.13.* *_cp313
  license: MIT
  license_family: MIT
  size: 685678
  timestamp: 1752820368513
- conda: https://conda.anaconda.org/conda-forge/noarch/pyparsing-3.2.5-pyhcf101f3_0.conda
  sha256: 6814b61b94e95ffc45ec539a6424d8447895fef75b0fec7e1be31f5beee883fb
  md5: 6c8979be6d7a17692793114fa26916e8
  depends:
  - python >=3.10
  - python
  license: MIT
  license_family: MIT
  size: 104044
  timestamp: 1758436411254
- conda: https://conda.anaconda.org/bioconda/linux-64/pysam-0.23.3-py313h7c062c9_1.tar.bz2
  sha256: e7112de9a721456a7e1f236d5a120dba5dfeb2caab09cf0e8a46bbd1d93204d7
  md5: 5cfbdb688371d1299de9989b44f5ec1c
  depends:
  - bzip2 >=1.0.8,<2.0a0
  - libcurl >=8.14.1,<9.0a0
  - libdeflate >=1.22,<1.26.0a0
  - libgcc >=13
  - liblzma >=5.8.1,<6.0a0
  - libzlib >=1.3.1,<2.0a0
  - openssl >=3.5.1,<4.0a0
  - python >=3.13,<3.14.0a0
  - python_abi 3.13.* *_cp313
  license: MIT
  size: 4925573
  timestamp: 1752862232677
- conda: https://conda.anaconda.org/conda-forge/linux-64/python-3.13.11-hc97d973_100_cp313.conda
  build_number: 100
  sha256: 9cf014cf28e93ee242bacfbf664e8b45ae06e50b04291e640abeaeb0cba0364c
  md5: 0cbb0010f1d8ecb64a428a8d4214609e
  depends:
  - __glibc >=2.17,<3.0.a0
  - bzip2 >=1.0.8,<2.0a0
  - ld_impl_linux-64 >=2.36.1
  - libexpat >=2.7.3,<3.0a0
  - libffi >=3.5.2,<3.6.0a0
  - libgcc >=14
  - liblzma >=5.8.1,<6.0a0
  - libmpdec >=4.0.0,<5.0a0
  - libsqlite >=3.51.1,<4.0a0
  - libuuid >=2.41.2,<3.0a0
  - libzlib >=1.3.1,<2.0a0
  - ncurses >=6.5,<7.0a0
  - openssl >=3.5.4,<4.0a0
  - python_abi 3.13.* *_cp313
  - readline >=8.2,<9.0a0
  - tk >=8.6.13,<8.7.0a0
  - tzdata
  license: Python-2.0
  size: 37226336
  timestamp: 1765021889577
  python_site_packages_path: lib/python3.13/site-packages
- conda: https://conda.anaconda.org/conda-forge/noarch/python-dateutil-2.9.0.post0-pyhe01879c_2.conda
  sha256: d6a17ece93bbd5139e02d2bd7dbfa80bee1a4261dced63f65f679121686bf664
  md5: 5b8d21249ff20967101ffa321cab24e8
  depends:
  - python >=3.9
  - six >=1.5
  - python
  license: Apache-2.0
  license_family: APACHE
  size: 233310
  timestamp: 1751104122689
- conda: https://conda.anaconda.org/conda-forge/noarch/python_abi-3.13-8_cp313.conda
  build_number: 8
  sha256: 210bffe7b121e651419cb196a2a63687b087497595c9be9d20ebe97dd06060a7
  md5: 94305520c52a4aa3f6c2b1ff6008d9f8
  constrains:
  - python 3.13.* *_cp313
  license: BSD-3-Clause
  license_family: BSD
  size: 7002
  timestamp: 1752805902938
- conda: https://conda.anaconda.org/conda-forge/linux-64/qhull-2020.2-h434a139_5.conda
  sha256: 776363493bad83308ba30bcb88c2552632581b143e8ee25b1982c8c743e73abc
  md5: 353823361b1d27eb3960efb076dfcaf6
  depends:
  - __glibc >=2.17,<3.0.a0
  - libgcc-ng >=12
  - libstdcxx-ng >=12
  license: LicenseRef-Qhull
  size: 552937
  timestamp: 1720813982144
- conda: https://conda.anaconda.org/conda-forge/linux-64/readline-8.2-h8c095d6_2.conda
  sha256: 2d6d0c026902561ed77cd646b5021aef2d4db22e57a5b0178dfc669231e06d2c
  md5: 283b96675859b20a825f8fa30f311446
  depends:
  - libgcc >=13
  - ncurses >=6.5,<7.0a0
  license: GPL-3.0-only
  license_family: GPL
  size: 282480
  timestamp: 1740379431762
- conda: https://conda.anaconda.org/conda-forge/noarch/six-1.17.0-pyhe01879c_1.conda
  sha256: 458227f759d5e3fcec5d9b7acce54e10c9e1f4f4b7ec978f3bfd54ce4ee9853d
  md5: 3339e3b65d58accf4ca4fb8748ab16b3
  depends:
  - python >=3.9
  - python
  license: MIT
  license_family: MIT
  size: 18455
  timestamp: 1753199211006
- conda: https://conda.anaconda.org/bioconda/linux-64/spoa-4.1.5-h077b44d_0.conda
  sha256: 10cc787ebd184c6e22d08a2ee91d42a8502eae5f948b7344cf906bc26ceeea84
  md5: 2733745c9ea27bbaa0859c42141134d9
  depends:
  - _openmp_mutex >=4.5
  - libgcc >=13
  - libstdcxx >=13
  - libzlib >=1.3.1,<2.0a0
  license: MIT
  license_family: MIT
  size: 104303
  timestamp: 1758491773545
- conda: https://conda.anaconda.org/conda-forge/noarch/sysroot_linux-64-2.28-h4ee821c_8.conda
  sha256: 0053c17ffbd9f8af1a7f864995d70121c292e317804120be4667f37c92805426
  md5: 1bad93f0aa428d618875ef3a588a889e
  depends:
  - __glibc >=2.28
  - kernel-headers_linux-64 4.18.0 he073ed8_8
  - tzdata
  license: LGPL-2.0-or-later AND LGPL-2.0-or-later WITH exceptions AND GPL-2.0-or-later
  license_family: GPL
  size: 24210909
  timestamp: 1752669140965
- conda: https://conda.anaconda.org/conda-forge/linux-64/tk-8.6.13-noxft_ha0e22de_103.conda
  sha256: 1544760538a40bcd8ace2b1d8ebe3eb5807ac268641f8acdc18c69c5ebfeaf64
  md5: 86bc20552bf46075e3d92b67f089172d
  depends:
  - __glibc >=2.17,<3.0.a0
  - libgcc >=13
  - libzlib >=1.3.1,<2.0a0
  constrains:
  - xorg-libx11 >=1.8.12,<2.0a0
  license: TCL
  license_family: BSD
  size: 3284905
  timestamp: 1763054914403
- conda: https://conda.anaconda.org/conda-forge/noarch/typing_extensions-4.15.0-pyhcf101f3_0.conda
  sha256: 032271135bca55aeb156cee361c81350c6f3fb203f57d024d7e5a1fc9ef18731
  md5: 0caa1af407ecff61170c9437a808404d
  depends:
  - python >=3.10
  - python
  license: PSF-2.0
  license_family: PSF
  size: 51692
  timestamp: 1756220668932
- conda: https://conda.anaconda.org/conda-forge/noarch/tzdata-2025b-h78e105d_0.conda
  sha256: 5aaa366385d716557e365f0a4e9c3fca43ba196872abbbe3d56bb610d131e192
  md5: 4222072737ccff51314b5ece9c7d6f5a
  license: LicenseRef-Public-Domain
  size: 122968
  timestamp: 1742727099393
- conda: https://conda.anaconda.org/conda-forge/linux-64/xorg-libxau-1.0.12-hb03c661_1.conda
  sha256: 6bc6ab7a90a5d8ac94c7e300cc10beb0500eeba4b99822768ca2f2ef356f731b
  md5: b2895afaf55bf96a8c8282a2e47a5de0
  depends:
  - __glibc >=2.17,<3.0.a0
  - libgcc >=14
  license: MIT
  license_family: MIT
  size: 15321
  timestamp: 1762976464266
- conda: https://conda.anaconda.org/conda-forge/linux-64/xorg-libxdmcp-1.1.5-hb03c661_1.conda
  sha256: 25d255fb2eef929d21ff660a0c687d38a6d2ccfbcbf0cc6aa738b12af6e9d142
  md5: 1dafce8548e38671bea82e3f5c6ce22f
  depends:
  - __glibc >=2.17,<3.0.a0
  - libgcc >=14
  license: MIT
  license_family: MIT
  size: 20591
  timestamp: 1762976546182
- conda: https://conda.anaconda.org/conda-forge/linux-64/zlib-ng-2.3.2-h54a6638_0.conda
  sha256: 0afb07f3511031c35202036e2cd819c90edaa0c6a39a7a865146d3cb066bec96
  md5: 0faadd01896315ceea58bcc3479b1d21
  depends:
  - libgcc >=14
  - __glibc >=2.17,<3.0.a0
  - libstdcxx >=14
  license: Zlib
  size: 135032
  timestamp: 1764715875371
- conda: https://conda.anaconda.org/conda-forge/linux-64/zstd-1.5.7-hb78ec9c_6.conda
  sha256: 68f0206ca6e98fea941e5717cec780ed2873ffabc0e1ed34428c061e2c6268c7
  md5: 4a13eeac0b5c8e5b8ab496e6c4ddd829
  depends:
  - __glibc >=2.17,<3.0.a0
  - libzlib >=1.3.1,<2.0a0
  license: BSD-3-Clause
  license_family: BSD
  size: 601375
  timestamp: 1764777111296
